PODS:
  - Alamofire (4.0.1)
  - Kingfisher (3.2.0)
  - SwiftyJSON (3.1.1)

DEPENDENCIES:
  - Alamofire
  - Kingfisher
  - SwiftyJSON

SPEC CHECKSUMS:
  Alamofire: 7682d43245de14874acd142ec137b144aa1dd335
  Kingfisher: 50407d1d5dbc34965009d425a286342ff36a84ea
  SwiftyJSON: f0be2e604f83e8405a624e9f891898bf6ed4e019

PODFILE CHECKSUM: fd9750971e6eeb2cd63f38b151587548217a4111

COCOAPODS: 1.2.0.beta.1
