// !$*UTF8*$!
{
	archiveVersion = 1;
	classes = {
	};
	objectVersion = 46;
	objects = {

/* Begin PBXBuildFile section */
		B7A8B9B11DF26BFF008E45CC /* AppDelegate.swift in Sources */ = {isa = PBXBuildFile; fileRef = B7A8B9B01DF26BFF008E45CC /* AppDelegate.swift */; };
		B7A8B9B31DF26BFF008E45CC /* ViewController.swift in Sources */ = {isa = PBXBuildFile; fileRef = B7A8B9B21DF26BFF008E45CC /* ViewController.swift */; };
		B7A8B9B61DF26BFF008E45CC /* Main.storyboard in Resources */ = {isa = PBXBuildFile; fileRef = B7A8B9B41DF26BFF008E45CC /* Main.storyboard */; };
		B7A8B9B81DF26BFF008E45CC /* Assets.xcassets in Resources */ = {isa = PBXBuildFile; fileRef = B7A8B9B71DF26BFF008E45CC /* Assets.xcassets */; };
		B7A8B9BB1DF26BFF008E45CC /* LaunchScreen.storyboard in Resources */ = {isa = PBXBuildFile; fileRef = B7A8B9B91DF26BFF008E45CC /* LaunchScreen.storyboard */; };
		B7A8B9C41DF27691008E45CC /* CalculatorBrain.swift in Sources */ = {isa = PBXBuildFile; fileRef = B7A8B9C31DF27691008E45CC /* CalculatorBrain.swift */; };
/* End PBXBuildFile section */

/* Begin PBXFileReference section */
		B7A8B9AD1DF26BFF008E45CC /* Calculator.app */ = {isa = PBXFileReference; explicitFileType = wrapper.application; includeInIndex = 0; path = Calculator.app; sourceTree = BUILT_PRODUCTS_DIR; };
		B7A8B9B01DF26BFF008E45CC /* AppDelegate.swift */ = {isa = PBXFileReference; lastKnownFileType = sourcecode.swift; path = AppDelegate.swift; sourceTree = "<group>"; };
		B7A8B9B21DF26BFF008E45CC /* ViewController.swift */ = {isa = PBXFileReference; lastKnownFileType = sourcecode.swift; path = ViewController.swift; sourceTree = "<group>"; };
		B7A8B9B51DF26BFF008E45CC /* Base */ = {isa = PBXFileReference; lastKnownFileType = file.storyboard; name = Base; path = Base.lproj/Main.storyboard; sourceTree = "<group>"; };
		B7A8B9B71DF26BFF008E45CC /* Assets.xcassets */ = {isa = PBXFileReference; lastKnownFileType = folder.assetcatalog; path = Assets.xcassets; sourceTree = "<group>"; };
		B7A8B9BA1DF26BFF008E45CC /* Base */ = {isa = PBXFileReference; lastKnownFileType = file.storyboard; name = Base; path = Base.lproj/LaunchScreen.storyboard; sourceTree = "<group>"; };
		B7A8B9BC1DF26BFF008E45CC /* Info.plist */ = {isa = PBXFileReference; lastKnownFileType = text.plist.xml; path = Info.plist; sourceTree = "<group>"; };
		B7A8B9C31DF27691008E45CC /* CalculatorBrain.swift */ = {isa = PBXFileReference; fileEncoding = 4; lastKnownFileType = sourcecode.swift; path = CalculatorBrain.swift; sourceTree = "<group>"; };
/* End PBXFileReference section */

/* Begin PBXFrameworksBuildPhase section */
		B7A8B9AA1DF26BFF008E45CC /* Frameworks */ = {
			isa = PBXFrameworksBuildPhase;
			buildActionMask = 2147483647;
			files = (
			);
			runOnlyForDeploymentPostprocessing = 0;
		};
/* End PBXFrameworksBuildPhase section */

/* Begin PBXGroup section */
		B7A8B9A41DF26BFF008E45CC = {
			isa = PBXGroup;
			children = (
				B7A8B9AF1DF26BFF008E45CC /* Calculator */,
				B7A8B9AE1DF26BFF008E45CC /* Products */,
			);
			sourceTree = "<group>";
		};
		B7A8B9AE1DF26BFF008E45CC /* Products */ = {
			isa = PBXGroup;
			children = (
				B7A8B9AD1DF26BFF008E45CC /* Calculator.app */,
			);
			name = Products;
			sourceTree = "<group>";
		};
		B7A8B9AF1DF26BFF008E45CC /* Calculator */ = {
			isa = PBXGroup;
			children = (
				B7A8B9C21DF26C14008E45CC /* SupportFile */,
				B7A8B9B21DF26BFF008E45CC /* ViewController.swift */,
				B7A8B9B41DF26BFF008E45CC /* Main.storyboard */,
				B7A8B9C31DF27691008E45CC /* CalculatorBrain.swift */,
			);
			path = Calculator;
			sourceTree = "<group>";
		};
		B7A8B9C21DF26C14008E45CC /* SupportFile */ = {
			isa = PBXGroup;
			children = (
				B7A8B9B01DF26BFF008E45CC /* AppDelegate.swift */,
				B7A8B9B71DF26BFF008E45CC /* Assets.xcassets */,
				B7A8B9B91DF26BFF008E45CC /* LaunchScreen.storyboard */,
				B7A8B9BC1DF26BFF008E45CC /* Info.plist */,
			);
			name = SupportFile;
			sourceTree = "<group>";
		};
/* End PBXGroup section */

/* Begin PBXNativeTarget section */
		B7A8B9AC1DF26BFF008E45CC /* Calculator */ = {
			isa = PBXNativeTarget;
			buildConfigurationList = B7A8B9BF1DF26BFF008E45CC /* Build configuration list for PBXNativeTarget "Calculator" */;
			buildPhases = (
				B7A8B9A91DF26BFF008E45CC /* Sources */,
				B7A8B9AA1DF26BFF008E45CC /* Frameworks */,
				B7A8B9AB1DF26BFF008E45CC /* Resources */,
			);
			buildRules = (
			);
			dependencies = (
			);
			name = Calculator;
			productName = Calculator;
			productReference = B7A8B9AD1DF26BFF008E45CC /* Calculator.app */;
			productType = "com.apple.product-type.application";
		};
/* End PBXNativeTarget section */

/* Begin PBXProject section */
		B7A8B9A51DF26BFF008E45CC /* Project object */ = {
			isa = PBXProject;
			attributes = {
				LastSwiftUpdateCheck = 0800;
				LastUpgradeCheck = 0800;
				ORGANIZATIONNAME = QT;
				TargetAttributes = {
					B7A8B9AC1DF26BFF008E45CC = {
						CreatedOnToolsVersion = 8.0;
						DevelopmentTeam = CW23JJ23BD;
						ProvisioningStyle = Automatic;
					};
				};
			};
			buildConfigurationList = B7A8B9A81DF26BFF008E45CC /* Build configuration list for PBXProject "Calculator" */;
			compatibilityVersion = "Xcode 3.2";
			developmentRegion = English;
			hasScannedForEncodings = 0;
			knownRegions = (
				en,
				Base,
			);
			mainGroup = B7A8B9A41DF26BFF008E45CC;
			productRefGroup = B7A8B9AE1DF26BFF008E45CC /* Products */;
			projectDirPath = "";
			projectRoot = "";
			targets = (
				B7A8B9AC1DF26BFF008E45CC /* Calculator */,
			);
		};
/* End PBXProject section */

/* Begin PBXResourcesBuildPhase section */
		B7A8B9AB1DF26BFF008E45CC /* Resources */ = {
			isa = PBXResourcesBuildPhase;
			buildActionMask = 2147483647;
			files = (
				B7A8B9BB1DF26BFF008E45CC /* LaunchScreen.storyboard in Resources */,
				B7A8B9B81DF26BFF008E45CC /* Assets.xcassets in Resources */,
				B7A8B9B61DF26BFF008E45CC /* Main.storyboard in Resources */,
			);
			runOnlyForDeploymentPostprocessing = 0;
		};
/* End PBXResourcesBuildPhase section */

/* Begin PBXSourcesBuildPhase section */
		B7A8B9A91DF26BFF008E45CC /* Sources */ = {
			isa = PBXSourcesBuildPhase;
			buildActionMask = 2147483647;
			files = (
				B7A8B9C41DF27691008E45CC /* CalculatorBrain.swift in Sources */,
				B7A8B9B31DF26BFF008E45CC /* ViewController.swift in Sources */,
				B7A8B9B11DF26BFF008E45CC /* AppDelegate.swift in Sources */,
			);
			runOnlyForDeploymentPostprocessing = 0;
		};
/* End PBXSourcesBuildPhase section */

/* Begin PBXVariantGroup section */
		B7A8B9B41DF26BFF008E45CC /* Main.storyboard */ = {
			isa = PBXVariantGroup;
			children = (
				B7A8B9B51DF26BFF008E45CC /* Base */,
			);
			name = Main.storyboard;
			sourceTree = "<group>";
		};
		B7A8B9B91DF26BFF008E45CC /* LaunchScreen.storyboard */ = {
			isa = PBXVariantGroup;
			children = (
				B7A8B9BA1DF26BFF008E45CC /* Base */,
			);
			name = LaunchScreen.storyboard;
			sourceTree = "<group>";
		};
/* End PBXVariantGroup section */

/* Begin XCBuildConfiguration section */
		B7A8B9BD1DF26BFF008E45CC /* Debug */ = {
			isa = XCBuildConfiguration;
			buildSettings = {
				ALWAYS_SEARCH_USER_PATHS = NO;
				CLANG_ANALYZER_NONNULL = YES;
				CLANG_CXX_LANGUAGE_STANDARD = "gnu++0x";
				CLANG_CXX_LIBRARY = "libc++";
				CLANG_ENABLE_MODULES = YES;
				CLANG_ENABLE_OBJC_ARC = YES;
				CLANG_WARN_BOOL_CONVERSION = YES;
				CLANG_WARN_CONSTANT_CONVERSION = YES;
				CLANG_WARN_DIRECT_OBJC_ISA_USAGE = YES_ERROR;
				CLANG_WARN_DOCUMENTATION_COMMENTS = YES;
				CLANG_WARN_EMPTY_BODY = YES;
				CLANG_WARN_ENUM_CONVERSION = YES;
				CLANG_WARN_INFINITE_RECURSION = YES;
				CLANG_WARN_INT_CONVERSION = YES;
				CLANG_WARN_OBJC_ROOT_CLASS = YES_ERROR;
				CLANG_WARN_SUSPICIOUS_MOVES = YES;
				CLANG_WARN_UNREACHABLE_CODE = YES;
				CLANG_WARN__DUPLICATE_METHOD_MATCH = YES;
				"CODE_SIGN_IDENTITY[sdk=iphoneos*]" = "iPhone Developer";
				COPY_PHASE_STRIP = NO;
				DEBUG_INFORMATION_FORMAT = dwarf;
				ENABLE_STRICT_OBJC_MSGSEND = YES;
				ENABLE_TESTABILITY = YES;
				GCC_C_LANGUAGE_STANDARD = gnu99;
				GCC_DYNAMIC_NO_PIC = NO;
				GCC_NO_COMMON_BLOCKS = YES;
				GCC_OPTIMIZATION_LEVEL = 0;
				GCC_PREPROCESSOR_DEFINITIONS = (
					"DEBUG=1",
					"$(inherited)",
				);
				GCC_WARN_64_TO_32_BIT_CONVERSION = YES;
				GCC_WARN_ABOUT_RETURN_TYPE = YES_ERROR;
				GCC_WARN_UNDECLARED_SELECTOR = YES;
				GCC_WARN_UNINITIALIZED_AUTOS = YES_AGGRESSIVE;
				GCC_WARN_UNUSED_FUNCTION = YES;
				GCC_WARN_UNUSED_VARIABLE = YES;
				IPHONEOS_DEPLOYMENT_TARGET = 10.0;
				MTL_ENABLE_DEBUG_INFO = YES;
				ONLY_ACTIVE_ARCH = YES;
				SDKROOT = iphoneos;
				SWIFT_ACTIVE_COMPILATION_CONDITIONS = DEBUG;
				SWIFT_OPTIMIZATION_LEVEL = "-Onone";
			};
			name = Debug;
		};
		B7A8B9BE1DF26BFF008E45CC /* Release */ = {
			isa = XCBuildConfiguration;
			buildSettings = {
				ALWAYS_SEARCH_USER_PATHS = NO;
				CLANG_ANALYZER_NONNULL = YES;
				CLANG_CXX_LANGUAGE_STANDARD = "gnu++0x";
				CLANG_CXX_LIBRARY = "libc++";
				CLANG_ENABLE_MODULES = YES;
				CLANG_ENABLE_OBJC_ARC = YES;
				CLANG_WARN_BOOL_CONVERSION = YES;
				CLANG_WARN_CONSTANT_CONVERSION = YES;
				CLANG_WARN_DIRECT_OBJC_ISA_USAGE = YES_ERROR;
				CLANG_WARN_DOCUMENTATION_COMMENTS = YES;
				CLANG_WARN_EMPTY_BODY = YES;
				CLANG_WARN_ENUM_CONVERSION = YES;
				CLANG_WARN_INFINITE_RECURSION = YES;
				CLANG_WARN_INT_CONVERSION = YES;
				CLANG_WARN_OBJC_ROOT_CLASS = YES_ERROR;
				CLANG_WARN_SUSPICIOUS_MOVES = YES;
				CLANG_WARN_UNREACHABLE_CODE = YES;
				CLANG_WARN__DUPLICATE_METHOD_MATCH = YES;
				"CODE_SIGN_IDENTITY[sdk=iphoneos*]" = "iPhone Developer";
				COPY_PHASE_STRIP = NO;
				DEBUG_INFORMATION_FORMAT = "dwarf-with-dsym";
				ENABLE_NS_ASSERTIONS = NO;
				ENABLE_STRICT_OBJC_MSGSEND = YES;
				GCC_C_LANGUAGE_STANDARD = gnu99;
				GCC_NO_COMMON_BLOCKS = YES;
				GCC_WARN_64_TO_32_BIT_CONVERSION = YES;
				GCC_WARN_ABOUT_RETURN_TYPE = YES_ERROR;
				GCC_WARN_UNDECLARED_SELECTOR = YES;
				GCC_WARN_UNINITIALIZED_AUTOS = YES_AGGRESSIVE;
				GCC_WARN_UNUSED_FUNCTION = YES;
				GCC_WARN_UNUSED_VARIABLE = YES;
				IPHONEOS_DEPLOYMENT_TARGET = 10.0;
				MTL_ENABLE_DEBUG_INFO = NO;
				SDKROOT = iphoneos;
				SWIFT_OPTIMIZATION_LEVEL = "-Owholemodule";
				VALIDATE_PRODUCT = YES;
			};
			name = Release;
		};
		B7A8B9C01DF26BFF008E45CC /* Debug */ = {
			isa = XCBuildConfiguration;
			buildSettings = {
				ASSETCATALOG_COMPILER_APPICON_NAME = AppIcon;
				DEVELOPMENT_TEAM = CW23JJ23BD;
				INFOPLIST_FILE = Calculator/Info.plist;
				LD_RUNPATH_SEARCH_PATHS = "$(inherited) @executable_path/Frameworks";
				PRODUCT_BUNDLE_IDENTIFIER = Qinting.Calculator;
				PRODUCT_NAME = "$(TARGET_NAME)";
				SWIFT_VERSION = 3.0;
			};
			name = Debug;
		};
		B7A8B9C11DF26BFF008E45CC /* Release */ = {
			isa = XCBuildConfiguration;
			buildSettings = {
				ASSETCATALOG_COMPILER_APPICON_NAME = AppIcon;
				DEVELOPMENT_TEAM = CW23JJ23BD;
				INFOPLIST_FILE = Calculator/Info.plist;
				LD_RUNPATH_SEARCH_PATHS = "$(inherited) @executable_path/Frameworks";
				PRODUCT_BUNDLE_IDENTIFIER = Qinting.Calculator;
				PRODUCT_NAME = "$(TARGET_NAME)";
				SWIFT_VERSION = 3.0;
			};
			name = Release;
		};
/* End XCBuildConfiguration section */

/* Begin XCConfigurationList section */
		B7A8B9A81DF26BFF008E45CC /* Build configuration list for PBXProject "Calculator" */ = {
			isa = XCConfigurationList;
			buildConfigurations = (
				B7A8B9BD1DF26BFF008E45CC /* Debug */,
				B7A8B9BE1DF26BFF008E45CC /* Release */,
			);
			defaultConfigurationIsVisible = 0;
			defaultConfigurationName = Release;
		};
		B7A8B9BF1DF26BFF008E45CC /* Build configuration list for PBXNativeTarget "Calculator" */ = {
			isa = XCConfigurationList;
			buildConfigurations = (
				B7A8B9C01DF26BFF008E45CC /* Debug */,
				B7A8B9C11DF26BFF008E45CC /* Release */,
			);
			defaultConfigurationIsVisible = 0;
		};
/* End XCConfigurationList section */
	};
	rootObject = B7A8B9A51DF26BFF008E45CC /* Project object */;
}
